
Microsoft Visual Studio Solution File, Format Version 12.00
# Visual Studio Version 16
VisualStudioVersion = 16.0.29123.88
MinimumVisualStudioVersion = 10.0.40219.1
Project("{9A19103F-16F7-4668-BE54-9A1E7A4F7556}") = "HomeMaintance", "HomeMaintance\HomeMaintance.csproj", "{7A12E504-0034-4A5E-9B2C-CDDE6698D046}"
EndProject
Global
	GlobalSection(SolutionConfigurationPlatforms) = preSolution
		Debug|Any CPU = Debug|Any CPU
		Release|Any CPU = Release|Any CPU
	EndGlobalSection
	GlobalSection(ProjectConfigurationPlatforms) = postSolution
		{7A12E504-0034-4A5E-9B2C-CDDE6698D046}.Debug|Any CPU.ActiveCfg = Debug|Any CPU
		{7A12E504-0034-4A5E-9B2C-CDDE6698D046}.Debug|Any CPU.Build.0 = Debug|Any CPU
		{7A12E504-0034-4A5E-9B2C-CDDE6698D046}.Release|Any CPU.ActiveCfg = Release|Any CPU
		{7A12E504-0034-4A5E-9B2C-CDDE6698D046}.Release|Any CPU.Build.0 = Release|Any CPU
	EndGlobalSection
	GlobalSection(SolutionProperties) = preSolution
		HideSolutionNode = FALSE
	EndGlobalSection
	GlobalSection(ExtensibilityGlobals) = postSolution
		SolutionGuid = {9D7AE7A1-B50D-4194-A3D5-F3F4A37F8929}
	EndGlobalSection
EndGlobal
